
Microsoft Visual Studio Solution File, Format Version 12.00
# Visual Studio Version 17
VisualStudioVersion = 17.6.33723.286
MinimumVisualStudioVersion = 10.0.40219.1
Project("{9A19103F-16F7-4668-BE54-9A1E7A4F7556}") = "IntelHex", "IntelHex\IntelHex.csproj", "{9FA37F96-FA54-40D1-A340-27E8CD696CE6}"
EndProject
Project("{FAE04EC0-301F-11D3-BF4B-00C04F79EFBC}") = "BinToHex", "BinToHex\BinToHex.csproj", "{1044C523-04D8-405D-B9DA-8267D820D785}"
EndProject
Global
	GlobalSection(SolutionConfigurationPlatforms) = preSolution
		Debug|Any CPU = Debug|Any CPU
		Release|Any CPU = Release|Any CPU
	EndGlobalSection
	GlobalSection(ProjectConfigurationPlatforms) = postSolution
		{9FA37F96-FA54-40D1-A340-27E8CD696CE6}.Debug|Any CPU.ActiveCfg = Debug|Any CPU
		{9FA37F96-FA54-40D1-A340-27E8CD696CE6}.Debug|Any CPU.Build.0 = Debug|Any CPU
		{9FA37F96-FA54-40D1-A340-27E8CD696CE6}.Release|Any CPU.ActiveCfg = Release|Any CPU
		{9FA37F96-FA54-40D1-A340-27E8CD696CE6}.Release|Any CPU.Build.0 = Release|Any CPU
		{1044C523-04D8-405D-B9DA-8267D820D785}.Debug|Any CPU.ActiveCfg = Debug|Any CPU
		{1044C523-04D8-405D-B9DA-8267D820D785}.Debug|Any CPU.Build.0 = Debug|Any CPU
		{1044C523-04D8-405D-B9DA-8267D820D785}.Release|Any CPU.ActiveCfg = Release|Any CPU
		{1044C523-04D8-405D-B9DA-8267D820D785}.Release|Any CPU.Build.0 = Release|Any CPU
	EndGlobalSection
	GlobalSection(SolutionProperties) = preSolution
		HideSolutionNode = FALSE
	EndGlobalSection
	GlobalSection(ExtensibilityGlobals) = postSolution
		SolutionGuid = {EBC8EF04-A6A8-4827-87C4-58D185A9CD1C}
	EndGlobalSection
EndGlobal
